
Microsoft Visual Studio Solution File, Format Version 12.00
# Visual Studio Version 17
VisualStudioVersion = 17.0.31903.59
MinimumVisualStudioVersion = 10.0.40219.1
Project("{FAE04EC0-301F-11D3-BF4B-00C04F79EFBC}") = "HelloWebApi", "HelloWebApi.csproj", "{C688CE3C-EC3D-4C38-93F7-E5F826C82ED9}"
EndProject
Global
	GlobalSection(SolutionConfigurationPlatforms) = preSolution
		Debug|Any CPU = Debug|Any CPU
		Release|Any CPU = Release|Any CPU
	EndGlobalSection
	GlobalSection(SolutionProperties) = preSolution
		HideSolutionNode = FALSE
	EndGlobalSection
	GlobalSection(ProjectConfigurationPlatforms) = postSolution
		{C688CE3C-EC3D-4C38-93F7-E5F826C82ED9}.Debug|Any CPU.ActiveCfg = Debug|Any CPU
		{C688CE3C-EC3D-4C38-93F7-E5F826C82ED9}.Debug|Any CPU.Build.0 = Debug|Any CPU
		{C688CE3C-EC3D-4C38-93F7-E5F826C82ED9}.Release|Any CPU.ActiveCfg = Release|Any CPU
		{C688CE3C-EC3D-4C38-93F7-E5F826C82ED9}.Release|Any CPU.Build.0 = Release|Any CPU
	EndGlobalSection
EndGlobal
