
Microsoft Visual Studio Solution File, Format Version 12.00
# Visual Studio Version 17
VisualStudioVersion = 17.0.31903.59
MinimumVisualStudioVersion = 10.0.40219.1
Project("{9A19103F-16F7-4668-BE54-9A1E7A4F7556}") = "WebApi", "WebApi.csproj", "{17F3AF84-A60B-47DF-A73C-00B8141754B9}"
EndProject
Project("{FAE04EC0-301F-11D3-BF4B-00C04F79EFBC}") = "Entities", "..\Entities\Entities.csproj", "{880345CC-2877-482E-82AF-5466DF362AAE}"
EndProject
Project("{FAE04EC0-301F-11D3-BF4B-00C04F79EFBC}") = "Repositories", "..\Repositories\Repositories.csproj", "{372C236B-B0F2-4A0C-91A9-269BD3E9A05D}"
EndProject
Global
	GlobalSection(SolutionConfigurationPlatforms) = preSolution
		Debug|Any CPU = Debug|Any CPU
		Release|Any CPU = Release|Any CPU
	EndGlobalSection
	GlobalSection(ProjectConfigurationPlatforms) = postSolution
		{17F3AF84-A60B-47DF-A73C-00B8141754B9}.Debug|Any CPU.ActiveCfg = Debug|Any CPU
		{17F3AF84-A60B-47DF-A73C-00B8141754B9}.Debug|Any CPU.Build.0 = Debug|Any CPU
		{17F3AF84-A60B-47DF-A73C-00B8141754B9}.Release|Any CPU.ActiveCfg = Release|Any CPU
		{17F3AF84-A60B-47DF-A73C-00B8141754B9}.Release|Any CPU.Build.0 = Release|Any CPU
		{880345CC-2877-482E-82AF-5466DF362AAE}.Debug|Any CPU.ActiveCfg = Debug|Any CPU
		{880345CC-2877-482E-82AF-5466DF362AAE}.Debug|Any CPU.Build.0 = Debug|Any CPU
		{880345CC-2877-482E-82AF-5466DF362AAE}.Release|Any CPU.ActiveCfg = Release|Any CPU
		{880345CC-2877-482E-82AF-5466DF362AAE}.Release|Any CPU.Build.0 = Release|Any CPU
		{372C236B-B0F2-4A0C-91A9-269BD3E9A05D}.Debug|Any CPU.ActiveCfg = Debug|Any CPU
		{372C236B-B0F2-4A0C-91A9-269BD3E9A05D}.Debug|Any CPU.Build.0 = Debug|Any CPU
		{372C236B-B0F2-4A0C-91A9-269BD3E9A05D}.Release|Any CPU.ActiveCfg = Release|Any CPU
		{372C236B-B0F2-4A0C-91A9-269BD3E9A05D}.Release|Any CPU.Build.0 = Release|Any CPU
	EndGlobalSection
	GlobalSection(SolutionProperties) = preSolution
		HideSolutionNode = FALSE
	EndGlobalSection
	GlobalSection(ExtensibilityGlobals) = postSolution
		SolutionGuid = {62B1DB03-750B-48FB-BADE-D1BE09860928}
	EndGlobalSection
EndGlobal
